
Microsoft Visual Studio Solution File, Format Version 12.00
# Visual Studio Version 17
VisualStudioVersion = 17.4.33403.182
MinimumVisualStudioVersion = 10.0.40219.1
Project("{FAE04EC0-301F-11D3-BF4B-00C04F79EFBC}") = "pdc03_module07.Android", "pdc03_module07\pdc03_module07.Android\pdc03_module07.Android.csproj", "{17731FCF-3973-4992-9827-CB4EA620E70D}"
EndProject
Project("{FAE04EC0-301F-11D3-BF4B-00C04F79EFBC}") = "pdc03_module07", "pdc03_module07\pdc03_module07\pdc03_module07.csproj", "{0F0C3BFC-2F3E-4F2B-8E88-2FED51F6C085}"
EndProject
Global
	GlobalSection(SolutionConfigurationPlatforms) = preSolution
		Debug|Any CPU = Debug|Any CPU
		Release|Any CPU = Release|Any CPU
	EndGlobalSection
	GlobalSection(ProjectConfigurationPlatforms) = postSolution
		{17731FCF-3973-4992-9827-CB4EA620E70D}.Debug|Any CPU.ActiveCfg = Debug|Any CPU
		{17731FCF-3973-4992-9827-CB4EA620E70D}.Debug|Any CPU.Build.0 = Debug|Any CPU
		{17731FCF-3973-4992-9827-CB4EA620E70D}.Debug|Any CPU.Deploy.0 = Debug|Any CPU
		{17731FCF-3973-4992-9827-CB4EA620E70D}.Release|Any CPU.ActiveCfg = Release|Any CPU
		{17731FCF-3973-4992-9827-CB4EA620E70D}.Release|Any CPU.Build.0 = Release|Any CPU
		{17731FCF-3973-4992-9827-CB4EA620E70D}.Release|Any CPU.Deploy.0 = Release|Any CPU
		{0F0C3BFC-2F3E-4F2B-8E88-2FED51F6C085}.Debug|Any CPU.ActiveCfg = Debug|Any CPU
		{0F0C3BFC-2F3E-4F2B-8E88-2FED51F6C085}.Debug|Any CPU.Build.0 = Debug|Any CPU
		{0F0C3BFC-2F3E-4F2B-8E88-2FED51F6C085}.Debug|Any CPU.Deploy.0 = Debug|Any CPU
		{0F0C3BFC-2F3E-4F2B-8E88-2FED51F6C085}.Release|Any CPU.ActiveCfg = Release|Any CPU
		{0F0C3BFC-2F3E-4F2B-8E88-2FED51F6C085}.Release|Any CPU.Build.0 = Release|Any CPU
		{0F0C3BFC-2F3E-4F2B-8E88-2FED51F6C085}.Release|Any CPU.Deploy.0 = Release|Any CPU
	EndGlobalSection
	GlobalSection(SolutionProperties) = preSolution
		HideSolutionNode = FALSE
	EndGlobalSection
	GlobalSection(ExtensibilityGlobals) = postSolution
		SolutionGuid = {3138CFF6-A84B-4079-A544-2A204DE86A6F}
	EndGlobalSection
EndGlobal
